
Microsoft Visual Studio Solution File, Format Version 12.00
# Visual Studio Version 17
VisualStudioVersion = 17.10.35122.118
MinimumVisualStudioVersion = 10.0.40219.1
Project("{FAE04EC0-301F-11D3-BF4B-00C04F79EFBC}") = "Triangle_51_Diem_02_Dang", "Triangle_51_Diem_02_Dang\Triangle_51_Diem_02_Dang.csproj", "{49FF3C28-3C03-4C09-857E-BF681158F9C6}"
EndProject
Project("{FAE04EC0-301F-11D3-BF4B-00C04F79EFBC}") = "TriangleTester_51_Diem_02_Dang", "TriangleTester_51_Diem_02_Dang\TriangleTester_51_Diem_02_Dang.csproj", "{61EE18A9-1EF5-4E67-AE50-7CF2BDE78CE0}"
EndProject
Global
	GlobalSection(SolutionConfigurationPlatforms) = preSolution
		Debug|Any CPU = Debug|Any CPU
		Release|Any CPU = Release|Any CPU
	EndGlobalSection
	GlobalSection(ProjectConfigurationPlatforms) = postSolution
		{49FF3C28-3C03-4C09-857E-BF681158F9C6}.Debug|Any CPU.ActiveCfg = Debug|Any CPU
		{49FF3C28-3C03-4C09-857E-BF681158F9C6}.Debug|Any CPU.Build.0 = Debug|Any CPU
		{49FF3C28-3C03-4C09-857E-BF681158F9C6}.Release|Any CPU.ActiveCfg = Release|Any CPU
		{49FF3C28-3C03-4C09-857E-BF681158F9C6}.Release|Any CPU.Build.0 = Release|Any CPU
		{61EE18A9-1EF5-4E67-AE50-7CF2BDE78CE0}.Debug|Any CPU.ActiveCfg = Debug|Any CPU
		{61EE18A9-1EF5-4E67-AE50-7CF2BDE78CE0}.Debug|Any CPU.Build.0 = Debug|Any CPU
		{61EE18A9-1EF5-4E67-AE50-7CF2BDE78CE0}.Release|Any CPU.ActiveCfg = Release|Any CPU
		{61EE18A9-1EF5-4E67-AE50-7CF2BDE78CE0}.Release|Any CPU.Build.0 = Release|Any CPU
	EndGlobalSection
	GlobalSection(SolutionProperties) = preSolution
		HideSolutionNode = FALSE
	EndGlobalSection
	GlobalSection(ExtensibilityGlobals) = postSolution
		SolutionGuid = {5F4DCCC9-7EDC-4625-A1B9-C7A327B65825}
	EndGlobalSection
EndGlobal
